PODS:
  - BFPaperCheckbox (1.2.8):
    - UIColor+BFPaperColors
  - UIColor+BFPaperColors (1.7.6)

DEPENDENCIES:
  - BFPaperCheckbox (~> 1.2.8)
  - UIColor+BFPaperColors (~> 1.7)

SPEC CHECKSUMS:
  BFPaperCheckbox: 8817f6a07ba8b296867a2ff555cfd3b02a1a1262
  UIColor+BFPaperColors: 37e7b48fa86b29ff2e97a11208ab9cb5ab0b883d

PODFILE CHECKSUM: b954b6e8ab106adc472980af9c905de436450962

COCOAPODS: 1.0.1
