PODS:
  - BFPaperCheckbox (2.1.0)
  - UIColor+BFPaperColors (1.7.6)

DEPENDENCIES:
  - BFPaperCheckbox (~> 2.1)
  - UIColor+BFPaperColors (~> 1.7)

SPEC CHECKSUMS:
  BFPaperCheckbox: 447570b82c15e16e8cf427a83ef1ad04ae1dc6c7
  UIColor+BFPaperColors: 37e7b48fa86b29ff2e97a11208ab9cb5ab0b883d

PODFILE CHECKSUM: 5253749353991b0c4a38a9c27c2c4aadf5883fd0

COCOAPODS: 1.2.1
